<?xml version="1.0" encoding="utf-8"?>
<Project ToolsVersion="4.0" xmlns="http://schemas.microsoft.com/developer/msbuild/2003">
  <ItemGroup>
    <Filter Include="资源文件">
      <UniqueIdentifier>{67DA6AB6-F800-4c08-8B7A-83BB121AAD01}</UniqueIdentifier>
      <Extensions>rc;ico;cur;bmp;dlg;rc2;rct;bin;rgs;gif;jpg;jpeg;jpe;resx;tiff;tif;png;wav;mfcribbon-ms</Extensions>
    </Filter>
    <Filter Include="audio">
      <UniqueIdentifier>{ef17af81-9524-46f2-8b64-7872c6c34ad9}</UniqueIdentifier>
    </Filter>
    <Filter Include="data">
      <UniqueIdentifier>{3aabbdea-d313-4193-9b5b-1bc5af5b246f}</UniqueIdentifier>
    </Filter>
    <Filter Include="encryption">
      <UniqueIdentifier>{276ff091-6c64-4c20-829a-229c92642ef9}</UniqueIdentifier>
    </Filter>
    <Filter Include="math">
      <UniqueIdentifier>{e0fb3b99-e341-4cb5-addf-faf4880e4e1a}</UniqueIdentifier>
    </Filter>
    <Filter Include="network">
      <UniqueIdentifier>{cb259f57-f47e-4914-a75a-85c57a400680}</UniqueIdentifier>
    </Filter>
    <Filter Include="pattern">
      <UniqueIdentifier>{47d38308-0f91-46f6-b797-0efe5136ee75}</UniqueIdentifier>
    </Filter>
    <Filter Include="physics">
      <UniqueIdentifier>{477dcd7e-676f-4a60-affd-4b54888075c1}</UniqueIdentifier>
    </Filter>
    <Filter Include="platform">
      <UniqueIdentifier>{1a38476b-404b-41ff-be7e-1d2ee04dffe7}</UniqueIdentifier>
    </Filter>
    <Filter Include="pattern\command">
      <UniqueIdentifier>{238bb95a-248e-4a3c-b1a5-7eb6fae90a24}</UniqueIdentifier>
    </Filter>
    <Filter Include="pattern\mvc">
      <UniqueIdentifier>{468bbee2-a701-40b0-8ae5-2204742b8003}</UniqueIdentifier>
    </Filter>
    <Filter Include="pattern\state">
      <UniqueIdentifier>{8df98688-1914-4258-8efc-11864772e380}</UniqueIdentifier>
    </Filter>
    <Filter Include="data\json">
      <UniqueIdentifier>{0f52ee5c-f73f-46b2-866e-8446ca91282c}</UniqueIdentifier>
    </Filter>
    <Filter Include="data\xml">
      <UniqueIdentifier>{cadc8361-2bae-4d7e-945f-7ed971ed0432}</UniqueIdentifier>
    </Filter>
    <Filter Include="test">
      <UniqueIdentifier>{dedcd368-4c49-4c39-9273-7be613166197}</UniqueIdentifier>
    </Filter>
    <Filter Include="render">
      <UniqueIdentifier>{893b9723-9d8b-4877-8605-d12ebea385e3}</UniqueIdentifier>
    </Filter>
    <Filter Include="ui">
      <UniqueIdentifier>{a1335364-4ddf-4183-9752-c47a7c266bea}</UniqueIdentifier>
    </Filter>
    <Filter Include="ui\base">
      <UniqueIdentifier>{d0e2700b-76ce-4733-80f5-fde8a6b67e9e}</UniqueIdentifier>
    </Filter>
    <Filter Include="ui\extensions">
      <UniqueIdentifier>{0af61ecd-64d5-4d09-b329-772dc6efb8a4}</UniqueIdentifier>
    </Filter>
    <Filter Include="utils">
      <UniqueIdentifier>{76282a5b-86aa-4ba3-b02c-e069c0cd5a8a}</UniqueIdentifier>
    </Filter>
    <Filter Include="globel">
      <UniqueIdentifier>{5e0bf27c-5ae0-490b-b401-e62a5ec53b7e}</UniqueIdentifier>
    </Filter>
    <Filter Include="network\socket">
      <UniqueIdentifier>{f52f53db-c067-4fd7-8520-d8d89e695a43}</UniqueIdentifier>
    </Filter>
    <Filter Include="network\http">
      <UniqueIdentifier>{f9b51638-2909-4cdd-83be-ca9ae0380e76}</UniqueIdentifier>
    </Filter>
    <Filter Include="tmp">
      <UniqueIdentifier>{5ede9fe8-510f-46ad-b971-22f5a1c0e25c}</UniqueIdentifier>
    </Filter>
  </ItemGroup>
  <ItemGroup>
    <ClInclude Include="..\Classes\ui\base\ACheckBox.h">
      <Filter>ui\base</Filter>
    </ClInclude>
    <ClInclude Include="..\Classes\ui\base\AControlButton.h">
      <Filter>ui\base</Filter>
    </ClInclude>
    <ClInclude Include="..\Classes\ui\base\ASlider.h">
      <Filter>ui\base</Filter>
    </ClInclude>
    <ClInclude Include="..\Classes\ui\base\ATableView.h">
      <Filter>ui\base</Filter>
    </ClInclude>
    <ClInclude Include="..\Classes\ui\base\ATableViewDelegate.h">
      <Filter>ui\base</Filter>
    </ClInclude>
    <ClInclude Include="..\Classes\ui\base\AUIButton.h">
      <Filter>ui\base</Filter>
    </ClInclude>
    <ClInclude Include="..\Classes\ui\base\BTableView.h">
      <Filter>ui\base</Filter>
    </ClInclude>
    <ClInclude Include="..\Classes\ui\base\HNEditBox.h">
      <Filter>ui\base</Filter>
    </ClInclude>
    <ClInclude Include="..\Classes\ui\base\HNLayer.h">
      <Filter>ui\base</Filter>
    </ClInclude>
    <ClInclude Include="..\Classes\ui\base\HNLayerColor.h">
      <Filter>ui\base</Filter>
    </ClInclude>
    <ClInclude Include="..\Classes\ui\base\HNNode.h">
      <Filter>ui\base</Filter>
    </ClInclude>
    <ClInclude Include="..\Classes\ui\base\HNScene.h">
      <Filter>ui\base</Filter>
    </ClInclude>
    <ClInclude Include="..\Classes\ui\base\HNSprite.h">
      <Filter>ui\base</Filter>
    </ClInclude>
    <ClInclude Include="..\Classes\ui\extensions\ClipSprite.h">
      <Filter>ui\extensions</Filter>
    </ClInclude>
    <ClInclude Include="..\Classes\ui\extensions\Effect.h">
      <Filter>ui\extensions</Filter>
    </ClInclude>
    <ClInclude Include="..\Classes\ui\extensions\HNDialogBase.h">
      <Filter>ui\extensions</Filter>
    </ClInclude>
    <ClInclude Include="..\Classes\ui\extensions\HNShake.h">
      <Filter>ui\extensions</Filter>
    </ClInclude>
    <ClInclude Include="..\Classes\ui\extensions\LoadingLayer.h">
      <Filter>ui\extensions</Filter>
    </ClInclude>
    <ClInclude Include="..\Classes\ui\extensions\MyProgressTimer.h">
      <Filter>ui\extensions</Filter>
    </ClInclude>
    <ClInclude Include="..\Classes\ui\extensions\TextSprite.h">
      <Filter>ui\extensions</Filter>
    </ClInclude>
    <ClInclude Include="..\Classes\ui\extensions\TextureLayer.h">
      <Filter>ui\extensions</Filter>
    </ClInclude>
    <ClInclude Include="..\Classes\ui\extensions\UIGoldRain.h">
      <Filter>ui\extensions</Filter>
    </ClInclude>
    <ClInclude Include="..\Classes\ui\extensions\UserHead.h">
      <Filter>ui\extensions</Filter>
    </ClInclude>
    <ClInclude Include="..\Classes\audio\HNAudioEngine.h">
      <Filter>audio</Filter>
    </ClInclude>
    <ClInclude Include="..\Classes\data\json\JsonParser.h">
      <Filter>data\json</Filter>
    </ClInclude>
    <ClInclude Include="..\Classes\data\xml\XMLParser.h">
      <Filter>data\xml</Filter>
    </ClInclude>
    <ClInclude Include="..\Classes\globel\ApplicationMacro.h">
      <Filter>globel</Filter>
    </ClInclude>
    <ClInclude Include="..\Classes\globel\HNCommonMarco.h">
      <Filter>globel</Filter>
    </ClInclude>
    <ClInclude Include="..\Classes\tmp\HNBaseCommand.h">
      <Filter>tmp</Filter>
    </ClInclude>
    <ClInclude Include="..\Classes\tmp\HNCommonMarco.h">
      <Filter>tmp</Filter>
    </ClInclude>
    <ClInclude Include="..\Classes\tmp\HNComStruct.h">
      <Filter>tmp</Filter>
    </ClInclude>
    <ClInclude Include="..\Classes\tmp\HNMemoryPool.h">
      <Filter>tmp</Filter>
    </ClInclude>
    <ClInclude Include="..\Classes\tmp\HNPlatformMessage.h">
      <Filter>tmp</Filter>
    </ClInclude>
    <ClInclude Include="..\Classes\tmp\HNRoomMessage.h">
      <Filter>tmp</Filter>
    </ClInclude>
    <ClInclude Include="..\Classes\tmp\PlatformConfig.h">
      <Filter>tmp</Filter>
    </ClInclude>
    <ClInclude Include="..\Classes\render\GraphicsUtils.h">
      <Filter>render</Filter>
    </ClInclude>
    <ClInclude Include="..\Classes\test\HNConverCode.h">
      <Filter>test</Filter>
    </ClInclude>
    <ClInclude Include="..\Classes\test\HNLog.h">
      <Filter>test</Filter>
    </ClInclude>
    <ClInclude Include="..\Classes\test\HNSingleAutoPtr.h">
      <Filter>test</Filter>
    </ClInclude>
    <ClInclude Include="..\Classes\test\WireframeOnOff.h">
      <Filter>test</Filter>
    </ClInclude>
    <ClInclude Include="..\Classes\utils\Tools.h">
      <Filter>utils</Filter>
    </ClInclude>
    <ClInclude Include="targetver.h" />
    <ClInclude Include="stdafx.h" />
    <ClInclude Include="..\Classes\HNUIExport.h" />
    <ClInclude Include="..\HNNetworkExport.h" />
    <ClInclude Include="..\Classes\HNEngineExport.h" />
    <ClInclude Include="..\Classes\HNBaseType.h" />
    <ClInclude Include="..\Classes\network\http\HNHttp.h">
      <Filter>network\http</Filter>
    </ClInclude>
    <ClInclude Include="..\Classes\network\socket\HNNetMessageHead.h">
      <Filter>network\socket</Filter>
    </ClInclude>
    <ClInclude Include="..\Classes\network\socket\HNSocket.h">
      <Filter>network\socket</Filter>
    </ClInclude>
    <ClInclude Include="..\Classes\network\socket\HNSocketEventDelegate.h">
      <Filter>network\socket</Filter>
    </ClInclude>
    <ClInclude Include="..\Classes\network\socket\HNSocketLogic.h">
      <Filter>network\socket</Filter>
    </ClInclude>
    <ClInclude Include="..\Classes\network\socket\HNSocketMessage.h">
      <Filter>network\socket</Filter>
    </ClInclude>
    <ClInclude Include="..\Classes\network\socket\HNSocketMessageDelegate.h">
      <Filter>network\socket</Filter>
    </ClInclude>
    <ClInclude Include="..\Classes\network\socket\HNSocketProtocolData.h">
      <Filter>network\socket</Filter>
    </ClInclude>
    <ClInclude Include="..\Classes\network\socket\HNSocketSelector.h">
      <Filter>network\socket</Filter>
    </ClInclude>
    <ClInclude Include="..\Classes\network\socket\HNSocketThread.h">
      <Filter>network\socket</Filter>
    </ClInclude>
    <ClInclude Include="..\Classes\ui\extensions\CycScrollView.h" />
    <ClInclude Include="..\Classes\ui\extensions\HRocker.h" />
    <ClInclude Include="..\Classes\ui\extensions\ParallaxScrollingLayer.h" />
    <ClInclude Include="..\Classes\globel\FontSize.h">
      <Filter>globel</Filter>
    </ClInclude>
    <ClInclude Include="..\Classes\ui\extensions\RotateMenu.h">
      <Filter>ui\extensions</Filter>
    </ClInclude>
    <ClInclude Include="..\Classes\ui\extensions\CheckCSBLayer.h">
      <Filter>ui\extensions</Filter>
    </ClInclude>
    <ClInclude Include="..\Classes\ui\extensions\CheckTextureLayer.h">
      <Filter>ui\extensions</Filter>
    </ClInclude>
    <ClInclude Include="..\Classes\ui\extensions\RotateMenuOne.h">
      <Filter>ui\extensions</Filter>
    </ClInclude>
    <ClInclude Include="..\Classes\pattern\command\Command.h">
      <Filter>pattern\command</Filter>
    </ClInclude>
    <ClInclude Include="..\Classes\pattern\command\CommandManager.h">
      <Filter>pattern\command</Filter>
    </ClInclude>
  </ItemGroup>
  <ItemGroup>
    <ClCompile Include="..\Classes\ui\base\ACheckBox.cpp">
      <Filter>ui\base</Filter>
    </ClCompile>
    <ClCompile Include="..\Classes\ui\base\AControlButton.cpp">
      <Filter>ui\base</Filter>
    </ClCompile>
    <ClCompile Include="..\Classes\ui\base\ASlider.cpp">
      <Filter>ui\base</Filter>
    </ClCompile>
    <ClCompile Include="..\Classes\ui\base\ATableView.cpp">
      <Filter>ui\base</Filter>
    </ClCompile>
    <ClCompile Include="..\Classes\ui\base\ATableViewDelegate.cpp">
      <Filter>ui\base</Filter>
    </ClCompile>
    <ClCompile Include="..\Classes\ui\base\AUIButton.cpp">
      <Filter>ui\base</Filter>
    </ClCompile>
    <ClCompile Include="..\Classes\ui\base\BTableView.cpp">
      <Filter>ui\base</Filter>
    </ClCompile>
    <ClCompile Include="..\Classes\ui\base\HNEditBox.cpp">
      <Filter>ui\base</Filter>
    </ClCompile>
    <ClCompile Include="..\Classes\ui\base\HNLayer.cpp">
      <Filter>ui\base</Filter>
    </ClCompile>
    <ClCompile Include="..\Classes\ui\base\HNLayerColor.cpp">
      <Filter>ui\base</Filter>
    </ClCompile>
    <ClCompile Include="..\Classes\ui\base\HNNode.cpp">
      <Filter>ui\base</Filter>
    </ClCompile>
    <ClCompile Include="..\Classes\ui\base\HNScene.cpp">
      <Filter>ui\base</Filter>
    </ClCompile>
    <ClCompile Include="..\Classes\ui\base\HNSprite.cpp">
      <Filter>ui\base</Filter>
    </ClCompile>
    <ClCompile Include="..\Classes\ui\extensions\ClipSprite.cpp">
      <Filter>ui\extensions</Filter>
    </ClCompile>
    <ClCompile Include="..\Classes\ui\extensions\Effect.cpp">
      <Filter>ui\extensions</Filter>
    </ClCompile>
    <ClCompile Include="..\Classes\ui\extensions\HNDialogBase.cpp">
      <Filter>ui\extensions</Filter>
    </ClCompile>
    <ClCompile Include="..\Classes\ui\extensions\HNShake.cpp">
      <Filter>ui\extensions</Filter>
    </ClCompile>
    <ClCompile Include="..\Classes\ui\extensions\LoadingLayer.cpp">
      <Filter>ui\extensions</Filter>
    </ClCompile>
    <ClCompile Include="..\Classes\ui\extensions\MyProgressTimer.cpp">
      <Filter>ui\extensions</Filter>
    </ClCompile>
    <ClCompile Include="..\Classes\ui\extensions\TextSprite.cpp">
      <Filter>ui\extensions</Filter>
    </ClCompile>
    <ClCompile Include="..\Classes\ui\extensions\TextureLayer.cpp">
      <Filter>ui\extensions</Filter>
    </ClCompile>
    <ClCompile Include="..\Classes\ui\extensions\UIGoldRain.cpp">
      <Filter>ui\extensions</Filter>
    </ClCompile>
    <ClCompile Include="..\Classes\ui\extensions\UserHead.cpp">
      <Filter>ui\extensions</Filter>
    </ClCompile>
    <ClCompile Include="..\Classes\audio\HNAudioEngine.cpp">
      <Filter>audio</Filter>
    </ClCompile>
    <ClCompile Include="..\Classes\data\json\JsonParser.cpp">
      <Filter>data\json</Filter>
    </ClCompile>
    <ClCompile Include="..\Classes\data\xml\XMLParser.cpp">
      <Filter>data\xml</Filter>
    </ClCompile>
    <ClCompile Include="..\Classes\tmp\HNBaseCommand.cpp">
      <Filter>tmp</Filter>
    </ClCompile>
    <ClCompile Include="..\Classes\tmp\HNMemoryPool.cpp">
      <Filter>tmp</Filter>
    </ClCompile>
    <ClCompile Include="..\Classes\tmp\PlatformConfig.cpp">
      <Filter>tmp</Filter>
    </ClCompile>
    <ClCompile Include="..\Classes\render\GraphicsUtils.cpp">
      <Filter>render</Filter>
    </ClCompile>
    <ClCompile Include="..\Classes\test\HNConverCode.cpp">
      <Filter>test</Filter>
    </ClCompile>
    <ClCompile Include="..\Classes\test\HNLog.cpp">
      <Filter>test</Filter>
    </ClCompile>
    <ClCompile Include="..\Classes\test\WireframeOnOff.cpp">
      <Filter>test</Filter>
    </ClCompile>
    <ClCompile Include="..\Classes\utils\Tools.cpp">
      <Filter>utils</Filter>
    </ClCompile>
    <ClCompile Include="stdafx.cpp" />
    <ClCompile Include="..\Classes\network\http\HNHttp.cpp">
      <Filter>network\http</Filter>
    </ClCompile>
    <ClCompile Include="..\Classes\network\socket\HNSocket.cpp">
      <Filter>network\socket</Filter>
    </ClCompile>
    <ClCompile Include="..\Classes\network\socket\HNSocketLogic.cpp">
      <Filter>network\socket</Filter>
    </ClCompile>
    <ClCompile Include="..\Classes\network\socket\HNSocketMessage.cpp">
      <Filter>network\socket</Filter>
    </ClCompile>
    <ClCompile Include="..\Classes\network\socket\HNSocketProtocolData.cpp">
      <Filter>network\socket</Filter>
    </ClCompile>
    <ClCompile Include="..\Classes\network\socket\HNSocketThread.cpp">
      <Filter>network\socket</Filter>
    </ClCompile>
    <ClCompile Include="..\Classes\ui\extensions\CycScrollView.cpp" />
    <ClCompile Include="..\Classes\ui\extensions\HRocker.cpp" />
    <ClCompile Include="..\Classes\ui\extensions\ParallaxScrollingLayer.cpp" />
    <ClCompile Include="..\Classes\ui\extensions\RotateMenu.cpp">
      <Filter>ui\extensions</Filter>
    </ClCompile>
    <ClCompile Include="..\Classes\ui\extensions\CheckCSBLayer.cpp">
      <Filter>ui\extensions</Filter>
    </ClCompile>
    <ClCompile Include="..\Classes\ui\extensions\CheckTextureLayer.cpp">
      <Filter>ui\extensions</Filter>
    </ClCompile>
    <ClCompile Include="..\Classes\ui\extensions\RotateMenuOne.cpp">
      <Filter>ui\extensions</Filter>
    </ClCompile>
    <ClCompile Include="..\Classes\pattern\command\CommandManager.cpp">
      <Filter>pattern\command</Filter>
    </ClCompile>
  </ItemGroup>
</Project>